// !$*UTF8*$!
{
	archiveVersion = 1;
	classes = {
	};
	objectVersion = 46;
	objects = {

/* Begin PBXBuildFile section */
		7A4E07971ECAE4DC00E8746C /* main.m in Sources */ = {isa = PBXBuildFile; fileRef = 7A4E07961ECAE4DC00E8746C /* main.m */; };
		7A4E079A1ECAE4DC00E8746C /* AppDelegate.m in Sources */ = {isa = PBXBuildFile; fileRef = 7A4E07991ECAE4DC00E8746C /* AppDelegate.m */; };
		7A4E079D1ECAE4DC00E8746C /* ViewController.m in Sources */ = {isa = PBXBuildFile; fileRef = 7A4E079C1ECAE4DC00E8746C /* ViewController.m */; };
		7A4E07A01ECAE4DC00E8746C /* Main.storyboard in Resources */ = {isa = PBXBuildFile; fileRef = 7A4E079E1ECAE4DC00E8746C /* Main.storyboard */; };
		7A4E07A21ECAE4DC00E8746C /* Assets.xcassets in Resources */ = {isa = PBXBuildFile; fileRef = 7A4E07A11ECAE4DC00E8746C /* Assets.xcassets */; };
		7A4E07A51ECAE4DC00E8746C /* LaunchScreen.storyboard in Resources */ = {isa = PBXBuildFile; fileRef = 7A4E07A31ECAE4DC00E8746C /* LaunchScreen.storyboard */; };
		7A4E07B01ECAE4DC00E8746C /* JavaScriptCoreDemoTests.m in Sources */ = {isa = PBXBuildFile; fileRef = 7A4E07AF1ECAE4DC00E8746C /* JavaScriptCoreDemoTests.m */; };
		7A4E07BB1ECAE4DC00E8746C /* JavaScriptCoreDemoUITests.m in Sources */ = {isa = PBXBuildFile; fileRef = 7A4E07BA1ECAE4DC00E8746C /* JavaScriptCoreDemoUITests.m */; };
		7A4E07C91ECAE4FB00E8746C /* WebViewJavaScriptBridge.html in Resources */ = {isa = PBXBuildFile; fileRef = 7A4E07C81ECAE4FB00E8746C /* WebViewJavaScriptBridge.html */; };
		7A4E07CB1ECAE61D00E8746C /* test.js in Resources */ = {isa = PBXBuildFile; fileRef = 7A4E07CA1ECAE61D00E8746C /* test.js */; };
/* End PBXBuildFile section */

/* Begin PBXContainerItemProxy section */
		7A4E07AC1ECAE4DC00E8746C /* PBXContainerItemProxy */ = {
			isa = PBXContainerItemProxy;
			containerPortal = 7A4E078A1ECAE4DC00E8746C /* Project object */;
			proxyType = 1;
			remoteGlobalIDString = 7A4E07911ECAE4DC00E8746C;
			remoteInfo = JavaScriptCoreDemo;
		};
		7A4E07B71ECAE4DC00E8746C /* PBXContainerItemProxy */ = {
			isa = PBXContainerItemProxy;
			containerPortal = 7A4E078A1ECAE4DC00E8746C /* Project object */;
			proxyType = 1;
			remoteGlobalIDString = 7A4E07911ECAE4DC00E8746C;
			remoteInfo = JavaScriptCoreDemo;
		};
/* End PBXContainerItemProxy section */

/* Begin PBXFileReference section */
		7A4E07921ECAE4DC00E8746C /* JavaScriptCoreDemo.app */ = {isa = PBXFileReference; explicitFileType = wrapper.application; includeInIndex = 0; path = JavaScriptCoreDemo.app; sourceTree = BUILT_PRODUCTS_DIR; };
		7A4E07961ECAE4DC00E8746C /* main.m */ = {isa = PBXFileReference; lastKnownFileType = sourcecode.c.objc; path = main.m; sourceTree = "<group>"; };
		7A4E07981ECAE4DC00E8746C /* AppDelegate.h */ = {isa = PBXFileReference; lastKnownFileType = sourcecode.c.h; path = AppDelegate.h; sourceTree = "<group>"; };
		7A4E07991ECAE4DC00E8746C /* AppDelegate.m */ = {isa = PBXFileReference; lastKnownFileType = sourcecode.c.objc; path = AppDelegate.m; sourceTree = "<group>"; };
		7A4E079B1ECAE4DC00E8746C /* ViewController.h */ = {isa = PBXFileReference; lastKnownFileType = sourcecode.c.h; path = ViewController.h; sourceTree = "<group>"; };
		7A4E079C1ECAE4DC00E8746C /* ViewController.m */ = {isa = PBXFileReference; lastKnownFileType = sourcecode.c.objc; path = ViewController.m; sourceTree = "<group>"; };
		7A4E079F1ECAE4DC00E8746C /* Base */ = {isa = PBXFileReference; lastKnownFileType = file.storyboard; name = Base; path = Base.lproj/Main.storyboard; sourceTree = "<group>"; };
		7A4E07A11ECAE4DC00E8746C /* Assets.xcassets */ = {isa = PBXFileReference; lastKnownFileType = folder.assetcatalog; path = Assets.xcassets; sourceTree = "<group>"; };
		7A4E07A41ECAE4DC00E8746C /* Base */ = {isa = PBXFileReference; lastKnownFileType = file.storyboard; name = Base; path = Base.lproj/LaunchScreen.storyboard; sourceTree = "<group>"; };
		7A4E07A61ECAE4DC00E8746C /* Info.plist */ = {isa = PBXFileReference; lastKnownFileType = text.plist.xml; path = Info.plist; sourceTree = "<group>"; };
		7A4E07AB1ECAE4DC00E8746C /* JavaScriptCoreDemoTests.xctest */ = {isa = PBXFileReference; explicitFileType = wrapper.cfbundle; includeInIndex = 0; path = JavaScriptCoreDemoTests.xctest; sourceTree = BUILT_PRODUCTS_DIR; };
		7A4E07AF1ECAE4DC00E8746C /* JavaScriptCoreDemoTests.m */ = {isa = PBXFileReference; lastKnownFileType = sourcecode.c.objc; path = JavaScriptCoreDemoTests.m; sourceTree = "<group>"; };
		7A4E07B11ECAE4DC00E8746C /* Info.plist */ = {isa = PBXFileReference; lastKnownFileType = text.plist.xml; path = Info.plist; sourceTree = "<group>"; };
		7A4E07B61ECAE4DC00E8746C /* JavaScriptCoreDemoUITests.xctest */ = {isa = PBXFileReference; explicitFileType = wrapper.cfbundle; includeInIndex = 0; path = JavaScriptCoreDemoUITests.xctest; sourceTree = BUILT_PRODUCTS_DIR; };
		7A4E07BA1ECAE4DC00E8746C /* JavaScriptCoreDemoUITests.m */ = {isa = PBXFileReference; lastKnownFileType = sourcecode.c.objc; path = JavaScriptCoreDemoUITests.m; sourceTree = "<group>"; };
		7A4E07BC1ECAE4DC00E8746C /* Info.plist */ = {isa = PBXFileReference; lastKnownFileType = text.plist.xml; path = Info.plist; sourceTree = "<group>"; };
		7A4E07C81ECAE4FB00E8746C /* WebViewJavaScriptBridge.html */ = {isa = PBXFileReference; fileEncoding = 4; lastKnownFileType = text.html; path = WebViewJavaScriptBridge.html; sourceTree = "<group>"; };
		7A4E07CA1ECAE61D00E8746C /* test.js */ = {isa = PBXFileReference; fileEncoding = 4; lastKnownFileType = sourcecode.javascript; path = test.js; sourceTree = "<group>"; };
/* End PBXFileReference section */

/* Begin PBXFrameworksBuildPhase section */
		7A4E078F1ECAE4DC00E8746C /* Frameworks */ = {
			isa = PBXFrameworksBuildPhase;
			buildActionMask = 2147483647;
			files = (
			);
			runOnlyForDeploymentPostprocessing = 0;
		};
		7A4E07A81ECAE4DC00E8746C /* Frameworks */ = {
			isa = PBXFrameworksBuildPhase;
			buildActionMask = 2147483647;
			files = (
			);
			runOnlyForDeploymentPostprocessing = 0;
		};
		7A4E07B31ECAE4DC00E8746C /* Frameworks */ = {
			isa = PBXFrameworksBuildPhase;
			buildActionMask = 2147483647;
			files = (
			);
			runOnlyForDeploymentPostprocessing = 0;
		};
/* End PBXFrameworksBuildPhase section */

/* Begin PBXGroup section */
		7A4E07891ECAE4DC00E8746C = {
			isa = PBXGroup;
			children = (
				7A4E07941ECAE4DC00E8746C /* JavaScriptCoreDemo */,
				7A4E07AE1ECAE4DC00E8746C /* JavaScriptCoreDemoTests */,
				7A4E07B91ECAE4DC00E8746C /* JavaScriptCoreDemoUITests */,
				7A4E07931ECAE4DC00E8746C /* Products */,
			);
			sourceTree = "<group>";
		};
		7A4E07931ECAE4DC00E8746C /* Products */ = {
			isa = PBXGroup;
			children = (
				7A4E07921ECAE4DC00E8746C /* JavaScriptCoreDemo.app */,
				7A4E07AB1ECAE4DC00E8746C /* JavaScriptCoreDemoTests.xctest */,
				7A4E07B61ECAE4DC00E8746C /* JavaScriptCoreDemoUITests.xctest */,
			);
			name = Products;
			sourceTree = "<group>";
		};
		7A4E07941ECAE4DC00E8746C /* JavaScriptCoreDemo */ = {
			isa = PBXGroup;
			children = (
				7A4E07C81ECAE4FB00E8746C /* WebViewJavaScriptBridge.html */,
				7A4E07CA1ECAE61D00E8746C /* test.js */,
				7A4E07981ECAE4DC00E8746C /* AppDelegate.h */,
				7A4E07991ECAE4DC00E8746C /* AppDelegate.m */,
				7A4E079B1ECAE4DC00E8746C /* ViewController.h */,
				7A4E079C1ECAE4DC00E8746C /* ViewController.m */,
				7A4E079E1ECAE4DC00E8746C /* Main.storyboard */,
				7A4E07A11ECAE4DC00E8746C /* Assets.xcassets */,
				7A4E07A31ECAE4DC00E8746C /* LaunchScreen.storyboard */,
				7A4E07A61ECAE4DC00E8746C /* Info.plist */,
				7A4E07951ECAE4DC00E8746C /* Supporting Files */,
			);
			path = JavaScriptCoreDemo;
			sourceTree = "<group>";
		};
		7A4E07951ECAE4DC00E8746C /* Supporting Files */ = {
			isa = PBXGroup;
			children = (
				7A4E07961ECAE4DC00E8746C /* main.m */,
			);
			name = "Supporting Files";
			sourceTree = "<group>";
		};
		7A4E07AE1ECAE4DC00E8746C /* JavaScriptCoreDemoTests */ = {
			isa = PBXGroup;
			children = (
				7A4E07AF1ECAE4DC00E8746C /* JavaScriptCoreDemoTests.m */,
				7A4E07B11ECAE4DC00E8746C /* Info.plist */,
			);
			path = JavaScriptCoreDemoTests;
			sourceTree = "<group>";
		};
		7A4E07B91ECAE4DC00E8746C /* JavaScriptCoreDemoUITests */ = {
			isa = PBXGroup;
			children = (
				7A4E07BA1ECAE4DC00E8746C /* JavaScriptCoreDemoUITests.m */,
				7A4E07BC1ECAE4DC00E8746C /* Info.plist */,
			);
			path = JavaScriptCoreDemoUITests;
			sourceTree = "<group>";
		};
/* End PBXGroup section */

/* Begin PBXNativeTarget section */
		7A4E07911ECAE4DC00E8746C /* JavaScriptCoreDemo */ = {
			isa = PBXNativeTarget;
			buildConfigurationList = 7A4E07BF1ECAE4DC00E8746C /* Build configuration list for PBXNativeTarget "JavaScriptCoreDemo" */;
			buildPhases = (
				7A4E078E1ECAE4DC00E8746C /* Sources */,
				7A4E078F1ECAE4DC00E8746C /* Frameworks */,
				7A4E07901ECAE4DC00E8746C /* Resources */,
			);
			buildRules = (
			);
			dependencies = (
			);
			name = JavaScriptCoreDemo;
			productName = JavaScriptCoreDemo;
			productReference = 7A4E07921ECAE4DC00E8746C /* JavaScriptCoreDemo.app */;
			productType = "com.apple.product-type.application";
		};
		7A4E07AA1ECAE4DC00E8746C /* JavaScriptCoreDemoTests */ = {
			isa = PBXNativeTarget;
			buildConfigurationList = 7A4E07C21ECAE4DC00E8746C /* Build configuration list for PBXNativeTarget "JavaScriptCoreDemoTests" */;
			buildPhases = (
				7A4E07A71ECAE4DC00E8746C /* Sources */,
				7A4E07A81ECAE4DC00E8746C /* Frameworks */,
				7A4E07A91ECAE4DC00E8746C /* Resources */,
			);
			buildRules = (
			);
			dependencies = (
				7A4E07AD1ECAE4DC00E8746C /* PBXTargetDependency */,
			);
			name = JavaScriptCoreDemoTests;
			productName = JavaScriptCoreDemoTests;
			productReference = 7A4E07AB1ECAE4DC00E8746C /* JavaScriptCoreDemoTests.xctest */;
			productType = "com.apple.product-type.bundle.unit-test";
		};
		7A4E07B51ECAE4DC00E8746C /* JavaScriptCoreDemoUITests */ = {
			isa = PBXNativeTarget;
			buildConfigurationList = 7A4E07C51ECAE4DC00E8746C /* Build configuration list for PBXNativeTarget "JavaScriptCoreDemoUITests" */;
			buildPhases = (
				7A4E07B21ECAE4DC00E8746C /* Sources */,
				7A4E07B31ECAE4DC00E8746C /* Frameworks */,
				7A4E07B41ECAE4DC00E8746C /* Resources */,
			);
			buildRules = (
			);
			dependencies = (
				7A4E07B81ECAE4DC00E8746C /* PBXTargetDependency */,
			);
			name = JavaScriptCoreDemoUITests;
			productName = JavaScriptCoreDemoUITests;
			productReference = 7A4E07B61ECAE4DC00E8746C /* JavaScriptCoreDemoUITests.xctest */;
			productType = "com.apple.product-type.bundle.ui-testing";
		};
/* End PBXNativeTarget section */

/* Begin PBXProject section */
		7A4E078A1ECAE4DC00E8746C /* Project object */ = {
			isa = PBXProject;
			attributes = {
				LastUpgradeCheck = 0830;
				ORGANIZATIONNAME = watchnail;
				TargetAttributes = {
					7A4E07911ECAE4DC00E8746C = {
						CreatedOnToolsVersion = 8.3;
						ProvisioningStyle = Automatic;
					};
					7A4E07AA1ECAE4DC00E8746C = {
						CreatedOnToolsVersion = 8.3;
						ProvisioningStyle = Automatic;
						TestTargetID = 7A4E07911ECAE4DC00E8746C;
					};
					7A4E07B51ECAE4DC00E8746C = {
						CreatedOnToolsVersion = 8.3;
						ProvisioningStyle = Automatic;
						TestTargetID = 7A4E07911ECAE4DC00E8746C;
					};
				};
			};
			buildConfigurationList = 7A4E078D1ECAE4DC00E8746C /* Build configuration list for PBXProject "JavaScriptCoreDemo" */;
			compatibilityVersion = "Xcode 3.2";
			developmentRegion = English;
			hasScannedForEncodings = 0;
			knownRegions = (
				en,
				Base,
			);
			mainGroup = 7A4E07891ECAE4DC00E8746C;
			productRefGroup = 7A4E07931ECAE4DC00E8746C /* Products */;
			projectDirPath = "";
			projectRoot = "";
			targets = (
				7A4E07911ECAE4DC00E8746C /* JavaScriptCoreDemo */,
				7A4E07AA1ECAE4DC00E8746C /* JavaScriptCoreDemoTests */,
				7A4E07B51ECAE4DC00E8746C /* JavaScriptCoreDemoUITests */,
			);
		};
/* End PBXProject section */

/* Begin PBXResourcesBuildPhase section */
		7A4E07901ECAE4DC00E8746C /* Resources */ = {
			isa = PBXResourcesBuildPhase;
			buildActionMask = 2147483647;
			files = (
				7A4E07CB1ECAE61D00E8746C /* test.js in Resources */,
				7A4E07C91ECAE4FB00E8746C /* WebViewJavaScriptBridge.html in Resources */,
				7A4E07A51ECAE4DC00E8746C /* LaunchScreen.storyboard in Resources */,
				7A4E07A21ECAE4DC00E8746C /* Assets.xcassets in Resources */,
				7A4E07A01ECAE4DC00E8746C /* Main.storyboard in Resources */,
			);
			runOnlyForDeploymentPostprocessing = 0;
		};
		7A4E07A91ECAE4DC00E8746C /* Resources */ = {
			isa = PBXResourcesBuildPhase;
			buildActionMask = 2147483647;
			files = (
			);
			runOnlyForDeploymentPostprocessing = 0;
		};
		7A4E07B41ECAE4DC00E8746C /* Resources */ = {
			isa = PBXResourcesBuildPhase;
			buildActionMask = 2147483647;
			files = (
			);
			runOnlyForDeploymentPostprocessing = 0;
		};
/* End PBXResourcesBuildPhase section */

/* Begin PBXSourcesBuildPhase section */
		7A4E078E1ECAE4DC00E8746C /* Sources */ = {
			isa = PBXSourcesBuildPhase;
			buildActionMask = 2147483647;
			files = (
				7A4E079D1ECAE4DC00E8746C /* ViewController.m in Sources */,
				7A4E079A1ECAE4DC00E8746C /* AppDelegate.m in Sources */,
				7A4E07971ECAE4DC00E8746C /* main.m in Sources */,
			);
			runOnlyForDeploymentPostprocessing = 0;
		};
		7A4E07A71ECAE4DC00E8746C /* Sources */ = {
			isa = PBXSourcesBuildPhase;
			buildActionMask = 2147483647;
			files = (
				7A4E07B01ECAE4DC00E8746C /* JavaScriptCoreDemoTests.m in Sources */,
			);
			runOnlyForDeploymentPostprocessing = 0;
		};
		7A4E07B21ECAE4DC00E8746C /* Sources */ = {
			isa = PBXSourcesBuildPhase;
			buildActionMask = 2147483647;
			files = (
				7A4E07BB1ECAE4DC00E8746C /* JavaScriptCoreDemoUITests.m in Sources */,
			);
			runOnlyForDeploymentPostprocessing = 0;
		};
/* End PBXSourcesBuildPhase section */

/* Begin PBXTargetDependency section */
		7A4E07AD1ECAE4DC00E8746C /* PBXTargetDependency */ = {
			isa = PBXTargetDependency;
			target = 7A4E07911ECAE4DC00E8746C /* JavaScriptCoreDemo */;
			targetProxy = 7A4E07AC1ECAE4DC00E8746C /* PBXContainerItemProxy */;
		};
		7A4E07B81ECAE4DC00E8746C /* PBXTargetDependency */ = {
			isa = PBXTargetDependency;
			target = 7A4E07911ECAE4DC00E8746C /* JavaScriptCoreDemo */;
			targetProxy = 7A4E07B71ECAE4DC00E8746C /* PBXContainerItemProxy */;
		};
/* End PBXTargetDependency section */

/* Begin PBXVariantGroup section */
		7A4E079E1ECAE4DC00E8746C /* Main.storyboard */ = {
			isa = PBXVariantGroup;
			children = (
				7A4E079F1ECAE4DC00E8746C /* Base */,
			);
			name = Main.storyboard;
			sourceTree = "<group>";
		};
		7A4E07A31ECAE4DC00E8746C /* LaunchScreen.storyboard */ = {
			isa = PBXVariantGroup;
			children = (
				7A4E07A41ECAE4DC00E8746C /* Base */,
			);
			name = LaunchScreen.storyboard;
			sourceTree = "<group>";
		};
/* End PBXVariantGroup section */

/* Begin XCBuildConfiguration section */
		7A4E07BD1ECAE4DC00E8746C /* Debug */ = {
			isa = XCBuildConfiguration;
			buildSettings = {
				ALWAYS_SEARCH_USER_PATHS = NO;
				CLANG_ANALYZER_NONNULL = YES;
				CLANG_ANALYZER_NUMBER_OBJECT_CONVERSION = YES_AGGRESSIVE;
				CLANG_CXX_LANGUAGE_STANDARD = "gnu++0x";
				CLANG_CXX_LIBRARY = "libc++";
				CLANG_ENABLE_MODULES = YES;
				CLANG_ENABLE_OBJC_ARC = YES;
				CLANG_WARN_BOOL_CONVERSION = YES;
				CLANG_WARN_CONSTANT_CONVERSION = YES;
				CLANG_WARN_DIRECT_OBJC_ISA_USAGE = YES_ERROR;
				CLANG_WARN_DOCUMENTATION_COMMENTS = YES;
				CLANG_WARN_EMPTY_BODY = YES;
				CLANG_WARN_ENUM_CONVERSION = YES;
				CLANG_WARN_INFINITE_RECURSION = YES;
				CLANG_WARN_INT_CONVERSION = YES;
				CLANG_WARN_OBJC_ROOT_CLASS = YES_ERROR;
				CLANG_WARN_SUSPICIOUS_MOVE = YES;
				CLANG_WARN_UNREACHABLE_CODE = YES;
				CLANG_WARN__DUPLICATE_METHOD_MATCH = YES;
				"CODE_SIGN_IDENTITY[sdk=iphoneos*]" = "iPhone Developer";
				COPY_PHASE_STRIP = NO;
				DEBUG_INFORMATION_FORMAT = dwarf;
				ENABLE_STRICT_OBJC_MSGSEND = YES;
				ENABLE_TESTABILITY = YES;
				GCC_C_LANGUAGE_STANDARD = gnu99;
				GCC_DYNAMIC_NO_PIC = NO;
				GCC_NO_COMMON_BLOCKS = YES;
				GCC_OPTIMIZATION_LEVEL = 0;
				GCC_PREPROCESSOR_DEFINITIONS = (
					"DEBUG=1",
					"$(inherited)",
				);
				GCC_WARN_64_TO_32_BIT_CONVERSION = YES;
				GCC_WARN_ABOUT_RETURN_TYPE = YES_ERROR;
				GCC_WARN_UNDECLARED_SELECTOR = YES;
				GCC_WARN_UNINITIALIZED_AUTOS = YES_AGGRESSIVE;
				GCC_WARN_UNUSED_FUNCTION = YES;
				GCC_WARN_UNUSED_VARIABLE = YES;
				IPHONEOS_DEPLOYMENT_TARGET = 10.3;
				MTL_ENABLE_DEBUG_INFO = YES;
				ONLY_ACTIVE_ARCH = YES;
				SDKROOT = iphoneos;
			};
			name = Debug;
		};
		7A4E07BE1ECAE4DC00E8746C /* Release */ = {
			isa = XCBuildConfiguration;
			buildSettings = {
				ALWAYS_SEARCH_USER_PATHS = NO;
				CLANG_ANALYZER_NONNULL = YES;
				CLANG_ANALYZER_NUMBER_OBJECT_CONVERSION = YES_AGGRESSIVE;
				CLANG_CXX_LANGUAGE_STANDARD = "gnu++0x";
				CLANG_CXX_LIBRARY = "libc++";
				CLANG_ENABLE_MODULES = YES;
				CLANG_ENABLE_OBJC_ARC = YES;
				CLANG_WARN_BOOL_CONVERSION = YES;
				CLANG_WARN_CONSTANT_CONVERSION = YES;
				CLANG_WARN_DIRECT_OBJC_ISA_USAGE = YES_ERROR;
				CLANG_WARN_DOCUMENTATION_COMMENTS = YES;
				CLANG_WARN_EMPTY_BODY = YES;
				CLANG_WARN_ENUM_CONVERSION = YES;
				CLANG_WARN_INFINITE_RECURSION = YES;
				CLANG_WARN_INT_CONVERSION = YES;
				CLANG_WARN_OBJC_ROOT_CLASS = YES_ERROR;
				CLANG_WARN_SUSPICIOUS_MOVE = YES;
				CLANG_WARN_UNREACHABLE_CODE = YES;
				CLANG_WARN__DUPLICATE_METHOD_MATCH = YES;
				"CODE_SIGN_IDENTITY[sdk=iphoneos*]" = "iPhone Developer";
				COPY_PHASE_STRIP = NO;
				DEBUG_INFORMATION_FORMAT = "dwarf-with-dsym";
				ENABLE_NS_ASSERTIONS = NO;
				ENABLE_STRICT_OBJC_MSGSEND = YES;
				GCC_C_LANGUAGE_STANDARD = gnu99;
				GCC_NO_COMMON_BLOCKS = YES;
				GCC_WARN_64_TO_32_BIT_CONVERSION = YES;
				GCC_WARN_ABOUT_RETURN_TYPE = YES_ERROR;
				GCC_WARN_UNDECLARED_SELECTOR = YES;
				GCC_WARN_UNINITIALIZED_AUTOS = YES_AGGRESSIVE;
				GCC_WARN_UNUSED_FUNCTION = YES;
				GCC_WARN_UNUSED_VARIABLE = YES;
				IPHONEOS_DEPLOYMENT_TARGET = 10.3;
				MTL_ENABLE_DEBUG_INFO = NO;
				SDKROOT = iphoneos;
				VALIDATE_PRODUCT = YES;
			};
			name = Release;
		};
		7A4E07C01ECAE4DC00E8746C /* Debug */ = {
			isa = XCBuildConfiguration;
			buildSettings = {
				ASSETCATALOG_COMPILER_APPICON_NAME = AppIcon;
				INFOPLIST_FILE = JavaScriptCoreDemo/Info.plist;
				LD_RUNPATH_SEARCH_PATHS = "$(inherited) @executable_path/Frameworks";
				PRODUCT_BUNDLE_IDENTIFIER = HZSD.JavaScriptCoreDemo;
				PRODUCT_NAME = "$(TARGET_NAME)";
			};
			name = Debug;
		};
		7A4E07C11ECAE4DC00E8746C /* Release */ = {
			isa = XCBuildConfiguration;
			buildSettings = {
				ASSETCATALOG_COMPILER_APPICON_NAME = AppIcon;
				INFOPLIST_FILE = JavaScriptCoreDemo/Info.plist;
				LD_RUNPATH_SEARCH_PATHS = "$(inherited) @executable_path/Frameworks";
				PRODUCT_BUNDLE_IDENTIFIER = HZSD.JavaScriptCoreDemo;
				PRODUCT_NAME = "$(TARGET_NAME)";
			};
			name = Release;
		};
		7A4E07C31ECAE4DC00E8746C /* Debug */ = {
			isa = XCBuildConfiguration;
			buildSettings = {
				BUNDLE_LOADER = "$(TEST_HOST)";
				INFOPLIST_FILE = JavaScriptCoreDemoTests/Info.plist;
				LD_RUNPATH_SEARCH_PATHS = "$(inherited) @executable_path/Frameworks @loader_path/Frameworks";
				PRODUCT_BUNDLE_IDENTIFIER = HZSD.JavaScriptCoreDemoTests;
				PRODUCT_NAME = "$(TARGET_NAME)";
				TEST_HOST = "$(BUILT_PRODUCTS_DIR)/JavaScriptCoreDemo.app/JavaScriptCoreDemo";
			};
			name = Debug;
		};
		7A4E07C41ECAE4DC00E8746C /* Release */ = {
			isa = XCBuildConfiguration;
			buildSettings = {
				BUNDLE_LOADER = "$(TEST_HOST)";
				INFOPLIST_FILE = JavaScriptCoreDemoTests/Info.plist;
				LD_RUNPATH_SEARCH_PATHS = "$(inherited) @executable_path/Frameworks @loader_path/Frameworks";
				PRODUCT_BUNDLE_IDENTIFIER = HZSD.JavaScriptCoreDemoTests;
				PRODUCT_NAME = "$(TARGET_NAME)";
				TEST_HOST = "$(BUILT_PRODUCTS_DIR)/JavaScriptCoreDemo.app/JavaScriptCoreDemo";
			};
			name = Release;
		};
		7A4E07C61ECAE4DC00E8746C /* Debug */ = {
			isa = XCBuildConfiguration;
			buildSettings = {
				INFOPLIST_FILE = JavaScriptCoreDemoUITests/Info.plist;
				LD_RUNPATH_SEARCH_PATHS = "$(inherited) @executable_path/Frameworks @loader_path/Frameworks";
				PRODUCT_BUNDLE_IDENTIFIER = HZSD.JavaScriptCoreDemoUITests;
				PRODUCT_NAME = "$(TARGET_NAME)";
				TEST_TARGET_NAME = JavaScriptCoreDemo;
			};
			name = Debug;
		};
		7A4E07C71ECAE4DC00E8746C /* Release */ = {
			isa = XCBuildConfiguration;
			buildSettings = {
				INFOPLIST_FILE = JavaScriptCoreDemoUITests/Info.plist;
				LD_RUNPATH_SEARCH_PATHS = "$(inherited) @executable_path/Frameworks @loader_path/Frameworks";
				PRODUCT_BUNDLE_IDENTIFIER = HZSD.JavaScriptCoreDemoUITests;
				PRODUCT_NAME = "$(TARGET_NAME)";
				TEST_TARGET_NAME = JavaScriptCoreDemo;
			};
			name = Release;
		};
/* End XCBuildConfiguration section */

/* Begin XCConfigurationList section */
		7A4E078D1ECAE4DC00E8746C /* Build configuration list for PBXProject "JavaScriptCoreDemo" */ = {
			isa = XCConfigurationList;
			buildConfigurations = (
				7A4E07BD1ECAE4DC00E8746C /* Debug */,
				7A4E07BE1ECAE4DC00E8746C /* Release */,
			);
			defaultConfigurationIsVisible = 0;
			defaultConfigurationName = Release;
		};
		7A4E07BF1ECAE4DC00E8746C /* Build configuration list for PBXNativeTarget "JavaScriptCoreDemo" */ = {
			isa = XCConfigurationList;
			buildConfigurations = (
				7A4E07C01ECAE4DC00E8746C /* Debug */,
				7A4E07C11ECAE4DC00E8746C /* Release */,
			);
			defaultConfigurationIsVisible = 0;
		};
		7A4E07C21ECAE4DC00E8746C /* Build configuration list for PBXNativeTarget "JavaScriptCoreDemoTests" */ = {
			isa = XCConfigurationList;
			buildConfigurations = (
				7A4E07C31ECAE4DC00E8746C /* Debug */,
				7A4E07C41ECAE4DC00E8746C /* Release */,
			);
			defaultConfigurationIsVisible = 0;
		};
		7A4E07C51ECAE4DC00E8746C /* Build configuration list for PBXNativeTarget "JavaScriptCoreDemoUITests" */ = {
			isa = XCConfigurationList;
			buildConfigurations = (
				7A4E07C61ECAE4DC00E8746C /* Debug */,
				7A4E07C71ECAE4DC00E8746C /* Release */,
			);
			defaultConfigurationIsVisible = 0;
		};
/* End XCConfigurationList section */
	};
	rootObject = 7A4E078A1ECAE4DC00E8746C /* Project object */;
}
